
Microsoft Visual Studio Solution File, Format Version 12.00
# Visual Studio 14
VisualStudioVersion = 14.0.25420.1
MinimumVisualStudioVersion = 10.0.40219.1
Project("{2150E333-8FDC-42A3-9474-1A3956D46DE8}") = "src", "src", "{34E51240-133B-481D-B56A-96D9CE410149}"
EndProject
Project("{2150E333-8FDC-42A3-9474-1A3956D46DE8}") = "Solution Items", "Solution Items", "{504E495C-ABF4-4E2B-9024-9143D092533F}"
	ProjectSection(SolutionItems) = preProject
		global.json = global.json
	EndProjectSection
EndProject
Project("{8BB2217D-0F2D-49D1-97BC-3654ED321F3B}") = "API_Openstack", "src\API_Openstack\API_Openstack.xproj", "{58A21964-E7F4-49FB-BA9B-77F73FCD4CC7}"
EndProject
Global
	GlobalSection(SolutionConfigurationPlatforms) = preSolution
		Debug|Any CPU = Debug|Any CPU
		Release|Any CPU = Release|Any CPU
	EndGlobalSection
	GlobalSection(ProjectConfigurationPlatforms) = postSolution
		{58A21964-E7F4-49FB-BA9B-77F73FCD4CC7}.Debug|Any CPU.ActiveCfg = Debug|Any CPU
		{58A21964-E7F4-49FB-BA9B-77F73FCD4CC7}.Debug|Any CPU.Build.0 = Debug|Any CPU
		{58A21964-E7F4-49FB-BA9B-77F73FCD4CC7}.Release|Any CPU.ActiveCfg = Release|Any CPU
		{58A21964-E7F4-49FB-BA9B-77F73FCD4CC7}.Release|Any CPU.Build.0 = Release|Any CPU
	EndGlobalSection
	GlobalSection(SolutionProperties) = preSolution
		HideSolutionNode = FALSE
	EndGlobalSection
	GlobalSection(NestedProjects) = preSolution
		{58A21964-E7F4-49FB-BA9B-77F73FCD4CC7} = {34E51240-133B-481D-B56A-96D9CE410149}
	EndGlobalSection
EndGlobal
